
Microsoft Visual Studio Solution File, Format Version 12.00
# Visual Studio Version 17
VisualStudioVersion = 17.12.35506.116
MinimumVisualStudioVersion = 10.0.40219.1
Project("{FAE04EC0-301F-11D3-BF4B-00C04F79EFBC}") = "CostNL_4.1.net", "CostNL_4.1.net\CostNL_4.1.net.csproj", "{6E9FE373-CFFC-4143-A885-0E877F6ABB9D}"
EndProject
Project("{FAE04EC0-301F-11D3-BF4B-00C04F79EFBC}") = "CostNL_4.2.net", "CostNL_4.2.net\CostNL_4.2.net.csproj", "{735EE70A-1CAF-49F6-ACE3-E8A28330268C}"
EndProject
Project("{FAE04EC0-301F-11D3-BF4B-00C04F79EFBC}") = "CostNL_4.3.net", "CostNL_4.3.net\CostNL_4.3.net.csproj", "{ACDA0D45-7022-4FD7-ABC9-BCF30CF97878}"
EndProject
Project("{FAE04EC0-301F-11D3-BF4B-00C04F79EFBC}") = "CostNL_4.4.net", "CostNL_4.4.net\CostNL_4.4.net.csproj", "{7A5C23A4-7C79-4B60-8B7E-75616F2CA36C}"
EndProject
Project("{FAE04EC0-301F-11D3-BF4B-00C04F79EFBC}") = "CostNL_4.5.net", "CostNL_4.5.net\CostNL_4.5.net.csproj", "{11EDF375-6F16-4C1D-A8C2-141D04968E36}"
EndProject
Global
	GlobalSection(SolutionConfigurationPlatforms) = preSolution
		Debug|Any CPU = Debug|Any CPU
		Release|Any CPU = Release|Any CPU
	EndGlobalSection
	GlobalSection(ProjectConfigurationPlatforms) = postSolution
		{6E9FE373-CFFC-4143-A885-0E877F6ABB9D}.Debug|Any CPU.ActiveCfg = Debug|Any CPU
		{6E9FE373-CFFC-4143-A885-0E877F6ABB9D}.Debug|Any CPU.Build.0 = Debug|Any CPU
		{6E9FE373-CFFC-4143-A885-0E877F6ABB9D}.Release|Any CPU.ActiveCfg = Release|Any CPU
		{6E9FE373-CFFC-4143-A885-0E877F6ABB9D}.Release|Any CPU.Build.0 = Release|Any CPU
		{735EE70A-1CAF-49F6-ACE3-E8A28330268C}.Debug|Any CPU.ActiveCfg = Debug|Any CPU
		{735EE70A-1CAF-49F6-ACE3-E8A28330268C}.Debug|Any CPU.Build.0 = Debug|Any CPU
		{735EE70A-1CAF-49F6-ACE3-E8A28330268C}.Release|Any CPU.ActiveCfg = Release|Any CPU
		{735EE70A-1CAF-49F6-ACE3-E8A28330268C}.Release|Any CPU.Build.0 = Release|Any CPU
		{ACDA0D45-7022-4FD7-ABC9-BCF30CF97878}.Debug|Any CPU.ActiveCfg = Debug|Any CPU
		{ACDA0D45-7022-4FD7-ABC9-BCF30CF97878}.Debug|Any CPU.Build.0 = Debug|Any CPU
		{ACDA0D45-7022-4FD7-ABC9-BCF30CF97878}.Release|Any CPU.ActiveCfg = Release|Any CPU
		{ACDA0D45-7022-4FD7-ABC9-BCF30CF97878}.Release|Any CPU.Build.0 = Release|Any CPU
		{7A5C23A4-7C79-4B60-8B7E-75616F2CA36C}.Debug|Any CPU.ActiveCfg = Debug|Any CPU
		{7A5C23A4-7C79-4B60-8B7E-75616F2CA36C}.Debug|Any CPU.Build.0 = Debug|Any CPU
		{7A5C23A4-7C79-4B60-8B7E-75616F2CA36C}.Release|Any CPU.ActiveCfg = Release|Any CPU
		{7A5C23A4-7C79-4B60-8B7E-75616F2CA36C}.Release|Any CPU.Build.0 = Release|Any CPU
		{11EDF375-6F16-4C1D-A8C2-141D04968E36}.Debug|Any CPU.ActiveCfg = Debug|Any CPU
		{11EDF375-6F16-4C1D-A8C2-141D04968E36}.Debug|Any CPU.Build.0 = Debug|Any CPU
		{11EDF375-6F16-4C1D-A8C2-141D04968E36}.Release|Any CPU.ActiveCfg = Release|Any CPU
		{11EDF375-6F16-4C1D-A8C2-141D04968E36}.Release|Any CPU.Build.0 = Release|Any CPU
	EndGlobalSection
	GlobalSection(SolutionProperties) = preSolution
		HideSolutionNode = FALSE
	EndGlobalSection
EndGlobal
